
Microsoft Visual Studio Solution File, Format Version 12.00
# Visual Studio Version 16
VisualStudioVersion = 16.0.32602.291
MinimumVisualStudioVersion = 10.0.40219.1
Project("{FAE04EC0-301F-11D3-BF4B-00C04F79EFBC}") = "ORM", "ORM\ORM.csproj", "{DE379697-AE40-4B35-BAF9-02E318F284AD}"
EndProject
Global
	GlobalSection(SolutionConfigurationPlatforms) = preSolution
		Debug|Any CPU = Debug|Any CPU
		Release|Any CPU = Release|Any CPU
	EndGlobalSection
	GlobalSection(ProjectConfigurationPlatforms) = postSolution
		{DE379697-AE40-4B35-BAF9-02E318F284AD}.Debug|Any CPU.ActiveCfg = Debug|Any CPU
		{DE379697-AE40-4B35-BAF9-02E318F284AD}.Debug|Any CPU.Build.0 = Debug|Any CPU
		{DE379697-AE40-4B35-BAF9-02E318F284AD}.Release|Any CPU.ActiveCfg = Release|Any CPU
		{DE379697-AE40-4B35-BAF9-02E318F284AD}.Release|Any CPU.Build.0 = Release|Any CPU
	EndGlobalSection
	GlobalSection(SolutionProperties) = preSolution
		HideSolutionNode = FALSE
	EndGlobalSection
	GlobalSection(ExtensibilityGlobals) = postSolution
		SolutionGuid = {10CAD9B4-E880-4FA0-B72E-81346371D63F}
	EndGlobalSection
EndGlobal
